{
  "projects": [
    {
      "projectId": "uNJepqX5kmDcUn9dDb3UVD",
      "version": "latest",
      "dependencies": {},
      "lang": "ts",
      "fileLocks": [
        {
          "type": "globalVariant",
          "assetId": "t0mnnasaXT_R",
          "checksum": "7b3e200b6de5b01ac8d6b5e87354dba5"
        },
        {
          "assetId": "uNJepqX5kmDcUn9dDb3UVD",
          "checksum": "b211a2fc1f696efc2c823ff6636b80ce",
          "type": "projectModule"
        },
        {
          "assetId": "uNJepqX5kmDcUn9dDb3UVD",
          "checksum": "154d688ed8bc2c6908632759aec9fcb3",
          "type": "styleTokensProvider"
        },
        {
          "type": "renderModule",
          "assetId": "I3TbBX3qgAwU",
          "checksum": "37a88d18f399f6f258fbd447c198d666"
        },
        {
          "type": "cssRules",
          "assetId": "I3TbBX3qgAwU",
          "checksum": "37a88d18f399f6f258fbd447c198d666"
        },
        {
          "type": "renderModule",
          "assetId": "wTh9TbjoZa0r",
          "checksum": "3d9d120db2a4b689733bc86870e876a5"
        },
        {
          "type": "cssRules",
          "assetId": "wTh9TbjoZa0r",
          "checksum": "3d9d120db2a4b689733bc86870e876a5"
        },
        {
          "assetId": "uNJepqX5kmDcUn9dDb3UVD",
          "type": "projectCss",
          "checksum": "44abfa8ed72d1cca191c833f57317d8c"
        }
      ],
      "codegenVersion": "0.0.3"
    }
  ],
  "cliVersion": "0.1.364"
}
