{
  "projects": [
    {
      "projectId": "uNJepqX5kmDcUn9dDb3UVD",
      "version": "latest",
      "dependencies": {},
      "lang": "ts",
      "fileLocks": [
        {
          "type": "globalVariant",
          "assetId": "t0mnnasaXT_R",
          "checksum": "dc0f2e07eaeeed29dffe2c800f644de3"
        },
        {
          "assetId": "uNJepqX5kmDcUn9dDb3UVD",
          "checksum": "b211a2fc1f696efc2c823ff6636b80ce",
          "type": "projectModule"
        },
        {
          "assetId": "uNJepqX5kmDcUn9dDb3UVD",
          "checksum": "154d688ed8bc2c6908632759aec9fcb3",
          "type": "styleTokensProvider"
        },
        {
          "type": "renderModule",
          "assetId": "I3TbBX3qgAwU",
          "checksum": "a1644d1f4e6a3ff7d2c1a679571457d2"
        },
        {
          "type": "cssRules",
          "assetId": "I3TbBX3qgAwU",
          "checksum": "a1644d1f4e6a3ff7d2c1a679571457d2"
        },
        {
          "type": "renderModule",
          "assetId": "wTh9TbjoZa0r",
          "checksum": "c7cd6af83c87327bdb001a8c5089316e"
        },
        {
          "type": "cssRules",
          "assetId": "wTh9TbjoZa0r",
          "checksum": "c7cd6af83c87327bdb001a8c5089316e"
        },
        {
          "assetId": "uNJepqX5kmDcUn9dDb3UVD",
          "type": "projectCss",
          "checksum": "0c6c7cc57766ef6f0235442627d8f005"
        }
      ],
      "codegenVersion": "0.0.3"
    }
  ],
  "cliVersion": "0.1.364"
}
